{
  "name": "@cmmn/uhtml",
  "version": "1.0.0",
  "lockfileVersion": 1,
  "requires": true,
  "dependencies": {
    "@ungap/create-content": {
      "version": "0.3.1",
      "resolved": "https://registry.npmjs.org/@ungap/create-content/-/create-content-0.3.1.tgz",
      "integrity": "sha512-SHzmtS3KHG+gzNhO/E0tFqs12vNC5H3YxpF8a8AeodB/iX3ZYcxzS8vgWXbDGmHy6bgl7m+f9+wDKBdqOVT5FA=="
    },
    "async-tag": {
      "version": "0.2.0",
      "resolved": "https://registry.npmjs.org/async-tag/-/async-tag-0.2.0.tgz",
      "integrity": "sha512-hNstPiQvxVVJdkBjfBsNb3zDEM2IUY3Xp7qaadEnhaGXq1/OFdS+TuwjEJxnIvZRm7e13KrPW74fIeDra7P5vw=="
    },
    "jsx2tag": {
      "version": "0.3.0",
      "resolved": "https://registry.npmjs.org/jsx2tag/-/jsx2tag-0.3.0.tgz",
      "integrity": "sha512-AcELEC4kZIByPXqtK+QdaQ0t7MVZkZ9zjoitLwqGkpLkopDwBOwpG0JHxBcqGaVkv2KF3jPFp6l3l/5cN3J/Yw=="
    },
    "uarray": {
      "version": "1.0.0",
      "resolved": "https://registry.npmjs.org/uarray/-/uarray-1.0.0.tgz",
      "integrity": "sha512-LHmiAd5QuAv7pU2vbh+Zq9YOnqVK0H764p2Ozinpfy9ka58OID4IsGLiXsitqH7n0NAIDxvax1A/kDXpii/Ckg=="
    },
    "udomdiff": {
      "version": "1.1.0",
      "resolved": "https://registry.npmjs.org/udomdiff/-/udomdiff-1.1.0.tgz",
      "integrity": "sha512-aqjTs5x/wsShZBkVagdafJkP8S3UMGhkHKszsu1cszjjZ7iOp86+Qb3QOFYh01oWjPMy5ZTuxD6hw5uTKxd+VA=="
    },
    "umap": {
      "version": "1.0.2",
      "resolved": "https://registry.npmjs.org/umap/-/umap-1.0.2.tgz",
      "integrity": "sha512-bW127HgG4H4VAD6qlqO5vCC+7bnlYvZ6A6BdwyGblkWvlEG7VYpj1bcpf3iJpvyKmkPZWDIeZDmoULz67ec7NA=="
    },
    "uparser": {
      "version": "0.2.1",
      "resolved": "https://registry.npmjs.org/uparser/-/uparser-0.2.1.tgz",
      "integrity": "sha512-hTwK8e+bAaER8gJBOysoFGjRPsX/xOthSPR/ieI9EgTf1rts9ey25tbDXIU0rDr/cGcLsvkCo1n8J/eccfAvvw=="
    },
    "uwire": {
      "version": "1.1.0",
      "resolved": "https://registry.npmjs.org/uwire/-/uwire-1.1.0.tgz",
      "integrity": "sha512-XJPmJnySabt8D0/wnfFFywgUOBnXszDEW32nEVIfOx1n6gLTZSp+X+70+blSnHKNiIUVSFPmmRuxOal0I/aB5g==",
      "requires": {
        "uarray": "^1.0.0"
      }
    }
  }
}
